
Microsoft Visual Studio Solution File, Format Version 12.00
# Visual Studio Version 17
VisualStudioVersion = 17.11.35327.3
MinimumVisualStudioVersion = 10.0.40219.1
Project("{9A19103F-16F7-4668-BE54-9A1E7A4F7556}") = "API-sem11", "API-sem11\API-sem11.csproj", "{F7A4A446-3C4D-4306-9AF5-E16ACF669C87}"
EndProject
Project("{FAE04EC0-301F-11D3-BF4B-00C04F79EFBC}") = "WebApplication1", "WebApplication1\WebApplication1.csproj", "{59CF2769-E4C6-49DC-8F31-404C129E02F9}"
EndProject
Global
	GlobalSection(SolutionConfigurationPlatforms) = preSolution
		Debug|Any CPU = Debug|Any CPU
		Release|Any CPU = Release|Any CPU
	EndGlobalSection
	GlobalSection(ProjectConfigurationPlatforms) = postSolution
		{F7A4A446-3C4D-4306-9AF5-E16ACF669C87}.Debug|Any CPU.ActiveCfg = Debug|Any CPU
		{F7A4A446-3C4D-4306-9AF5-E16ACF669C87}.Debug|Any CPU.Build.0 = Debug|Any CPU
		{F7A4A446-3C4D-4306-9AF5-E16ACF669C87}.Release|Any CPU.ActiveCfg = Release|Any CPU
		{F7A4A446-3C4D-4306-9AF5-E16ACF669C87}.Release|Any CPU.Build.0 = Release|Any CPU
		{59CF2769-E4C6-49DC-8F31-404C129E02F9}.Debug|Any CPU.ActiveCfg = Debug|Any CPU
		{59CF2769-E4C6-49DC-8F31-404C129E02F9}.Debug|Any CPU.Build.0 = Debug|Any CPU
		{59CF2769-E4C6-49DC-8F31-404C129E02F9}.Release|Any CPU.ActiveCfg = Release|Any CPU
		{59CF2769-E4C6-49DC-8F31-404C129E02F9}.Release|Any CPU.Build.0 = Release|Any CPU
	EndGlobalSection
	GlobalSection(SolutionProperties) = preSolution
		HideSolutionNode = FALSE
	EndGlobalSection
	GlobalSection(ExtensibilityGlobals) = postSolution
		SolutionGuid = {7D099472-9A74-4766-B26B-544F2DEA4868}
	EndGlobalSection
EndGlobal
